
Microsoft Visual Studio Solution File, Format Version 12.00
# Visual Studio 2012
Project("{E24C65DC-7377-472B-9ABA-BC803B73C61A}") = "Hospital Management System", ".", "{EBE77F35-ACF7-460D-8489-975B42827D45}"
	ProjectSection(WebsiteProperties) = preProject
		TargetFrameworkMoniker = ".NETFramework,Version%3Dv4.0"
		Debug.AspNetCompiler.VirtualPath = "/Hospital Management System"
		Debug.AspNetCompiler.PhysicalPath = "..\Hospital Management System\"
		Debug.AspNetCompiler.TargetPath = "PrecompiledWeb\Hospital Management System\"
		Debug.AspNetCompiler.Updateable = "true"
		Debug.AspNetCompiler.ForceOverwrite = "true"
		Debug.AspNetCompiler.FixedNames = "false"
		Debug.AspNetCompiler.Debug = "True"
		Release.AspNetCompiler.VirtualPath = "/Hospital Management System"
		Release.AspNetCompiler.PhysicalPath = "..\Hospital Management System\"
		Release.AspNetCompiler.TargetPath = "PrecompiledWeb\Hospital Management System\"
		Release.AspNetCompiler.Updateable = "true"
		Release.AspNetCompiler.ForceOverwrite = "true"
		Release.AspNetCompiler.FixedNames = "false"
		Release.AspNetCompiler.Debug = "False"
		VWDPort = "1786"
	EndProjectSection
EndProject
Global
	GlobalSection(SolutionConfigurationPlatforms) = preSolution
		Debug|Any CPU = Debug|Any CPU
	EndGlobalSection
	GlobalSection(ProjectConfigurationPlatforms) = postSolution
		{EBE77F35-ACF7-460D-8489-975B42827D45}.Debug|Any CPU.ActiveCfg = Debug|Any CPU
		{EBE77F35-ACF7-460D-8489-975B42827D45}.Debug|Any CPU.Build.0 = Debug|Any CPU
	EndGlobalSection
	GlobalSection(SolutionProperties) = preSolution
		HideSolutionNode = FALSE
	EndGlobalSection
EndGlobal
